// !$*UTF8*$!
{
	archiveVersion = 1;
	classes = {
	};
	objectVersion = 56;
	objects = {

/* Begin PBXBuildFile section */
		78BE609329EB445500841486 /* assessment_iosApp.swift in Sources */ = {isa = PBXBuildFile; fileRef = 78BE609229EB445500841486 /* assessment_iosApp.swift */; };
		78BE609529EB445500841486 /* HomeView.swift in Sources */ = {isa = PBXBuildFile; fileRef = 78BE609429EB445500841486 /* HomeView.swift */; };
		78BE609729EB445700841486 /* Assets.xcassets in Resources */ = {isa = PBXBuildFile; fileRef = 78BE609629EB445700841486 /* Assets.xcassets */; };
		78BE609A29EB445700841486 /* Preview Assets.xcassets in Resources */ = {isa = PBXBuildFile; fileRef = 78BE609929EB445700841486 /* Preview Assets.xcassets */; };
		78BE609C29EB445700841486 /* Persistence.swift in Sources */ = {isa = PBXBuildFile; fileRef = 78BE609B29EB445700841486 /* Persistence.swift */; };
		78BE609F29EB445700841486 /* assessment_ios.xcdatamodeld in Sources */ = {isa = PBXBuildFile; fileRef = 78BE609D29EB445700841486 /* assessment_ios.xcdatamodeld */; };
		78BE60A929EB445700841486 /* assessment_iosTests.swift in Sources */ = {isa = PBXBuildFile; fileRef = 78BE60A829EB445700841486 /* assessment_iosTests.swift */; };
		78BE60B329EB445700841486 /* assessment_iosUITests.swift in Sources */ = {isa = PBXBuildFile; fileRef = 78BE60B229EB445700841486 /* assessment_iosUITests.swift */; };
		78BE60B529EB445700841486 /* assessment_iosUITestsLaunchTests.swift in Sources */ = {isa = PBXBuildFile; fileRef = 78BE60B429EB445700841486 /* assessment_iosUITestsLaunchTests.swift */; };
		78BE60CA29EB4A6000841486 /* Util.swift in Sources */ = {isa = PBXBuildFile; fileRef = 78BE60C929EB4A6000841486 /* Util.swift */; };
		78BE60CE29EB5D8D00841486 /* README.md in Resources */ = {isa = PBXBuildFile; fileRef = 78BE60CD29EB5D8D00841486 /* README.md */; };
/* End PBXBuildFile section */

/* Begin PBXContainerItemProxy section */
		78BE60A529EB445700841486 /* PBXContainerItemProxy */ = {
			isa = PBXContainerItemProxy;
			containerPortal = 78BE608729EB445500841486 /* Project object */;
			proxyType = 1;
			remoteGlobalIDString = 78BE608E29EB445500841486;
			remoteInfo = "assessment-ios";
		};
		78BE60AF29EB445700841486 /* PBXContainerItemProxy */ = {
			isa = PBXContainerItemProxy;
			containerPortal = 78BE608729EB445500841486 /* Project object */;
			proxyType = 1;
			remoteGlobalIDString = 78BE608E29EB445500841486;
			remoteInfo = "assessment-ios";
		};
/* End PBXContainerItemProxy section */

/* Begin PBXFileReference section */
		78BE608F29EB445500841486 /* assessment-ios.app */ = {isa = PBXFileReference; explicitFileType = wrapper.application; includeInIndex = 0; path = "assessment-ios.app"; sourceTree = BUILT_PRODUCTS_DIR; };
		78BE609229EB445500841486 /* assessment_iosApp.swift */ = {isa = PBXFileReference; lastKnownFileType = sourcecode.swift; path = assessment_iosApp.swift; sourceTree = "<group>"; };
		78BE609429EB445500841486 /* HomeView.swift */ = {isa = PBXFileReference; lastKnownFileType = sourcecode.swift; path = HomeView.swift; sourceTree = "<group>"; };
		78BE609629EB445700841486 /* Assets.xcassets */ = {isa = PBXFileReference; lastKnownFileType = folder.assetcatalog; path = Assets.xcassets; sourceTree = "<group>"; };
		78BE609929EB445700841486 /* Preview Assets.xcassets */ = {isa = PBXFileReference; lastKnownFileType = folder.assetcatalog; path = "Preview Assets.xcassets"; sourceTree = "<group>"; };
		78BE609B29EB445700841486 /* Persistence.swift */ = {isa = PBXFileReference; lastKnownFileType = sourcecode.swift; path = Persistence.swift; sourceTree = "<group>"; };
		78BE609E29EB445700841486 /* assessment_ios.xcdatamodel */ = {isa = PBXFileReference; lastKnownFileType = wrapper.xcdatamodel; path = assessment_ios.xcdatamodel; sourceTree = "<group>"; };
		78BE60A429EB445700841486 /* assessment-iosTests.xctest */ = {isa = PBXFileReference; explicitFileType = wrapper.cfbundle; includeInIndex = 0; path = "assessment-iosTests.xctest"; sourceTree = BUILT_PRODUCTS_DIR; };
		78BE60A829EB445700841486 /* assessment_iosTests.swift */ = {isa = PBXFileReference; lastKnownFileType = sourcecode.swift; path = assessment_iosTests.swift; sourceTree = "<group>"; };
		78BE60AE29EB445700841486 /* assessment-iosUITests.xctest */ = {isa = PBXFileReference; explicitFileType = wrapper.cfbundle; includeInIndex = 0; path = "assessment-iosUITests.xctest"; sourceTree = BUILT_PRODUCTS_DIR; };
		78BE60B229EB445700841486 /* assessment_iosUITests.swift */ = {isa = PBXFileReference; lastKnownFileType = sourcecode.swift; path = assessment_iosUITests.swift; sourceTree = "<group>"; };
		78BE60B429EB445700841486 /* assessment_iosUITestsLaunchTests.swift */ = {isa = PBXFileReference; lastKnownFileType = sourcecode.swift; path = assessment_iosUITestsLaunchTests.swift; sourceTree = "<group>"; };
		78BE60C929EB4A6000841486 /* Util.swift */ = {isa = PBXFileReference; lastKnownFileType = sourcecode.swift; path = Util.swift; sourceTree = "<group>"; };
		78BE60CD29EB5D8D00841486 /* README.md */ = {isa = PBXFileReference; fileEncoding = 4; lastKnownFileType = net.daringfireball.markdown; path = README.md; sourceTree = "<group>"; };
/* End PBXFileReference section */

/* Begin PBXFrameworksBuildPhase section */
		78BE608C29EB445500841486 /* Frameworks */ = {
			isa = PBXFrameworksBuildPhase;
			buildActionMask = 2147483647;
			files = (
			);
			runOnlyForDeploymentPostprocessing = 0;
		};
		78BE60A129EB445700841486 /* Frameworks */ = {
			isa = PBXFrameworksBuildPhase;
			buildActionMask = 2147483647;
			files = (
			);
			runOnlyForDeploymentPostprocessing = 0;
		};
		78BE60AB29EB445700841486 /* Frameworks */ = {
			isa = PBXFrameworksBuildPhase;
			buildActionMask = 2147483647;
			files = (
			);
			runOnlyForDeploymentPostprocessing = 0;
		};
/* End PBXFrameworksBuildPhase section */

/* Begin PBXGroup section */
		78BE608629EB445500841486 = {
			isa = PBXGroup;
			children = (
				78BE60CD29EB5D8D00841486 /* README.md */,
				78BE609129EB445500841486 /* assessment-ios */,
				78BE60C129EB452B00841486 /* tests */,
				78BE609029EB445500841486 /* Products */,
			);
			sourceTree = "<group>";
		};
		78BE609029EB445500841486 /* Products */ = {
			isa = PBXGroup;
			children = (
				78BE608F29EB445500841486 /* assessment-ios.app */,
				78BE60A429EB445700841486 /* assessment-iosTests.xctest */,
				78BE60AE29EB445700841486 /* assessment-iosUITests.xctest */,
			);
			name = Products;
			sourceTree = "<group>";
		};
		78BE609129EB445500841486 /* assessment-ios */ = {
			isa = PBXGroup;
			children = (
				78BE609229EB445500841486 /* assessment_iosApp.swift */,
				78BE609B29EB445700841486 /* Persistence.swift */,
				78BE609629EB445700841486 /* Assets.xcassets */,
				78BE609D29EB445700841486 /* assessment_ios.xcdatamodeld */,
				78BE60C229EB477E00841486 /* UseCases */,
				78BE60C429EB482300841486 /* Model */,
				78BE60C529EB482C00841486 /* Provider */,
				78BE60C629EB483700841486 /* Util */,
				78BE609829EB445700841486 /* Preview Content */,
			);
			path = "assessment-ios";
			sourceTree = "<group>";
		};
		78BE609829EB445700841486 /* Preview Content */ = {
			isa = PBXGroup;
			children = (
				78BE609929EB445700841486 /* Preview Assets.xcassets */,
			);
			path = "Preview Content";
			sourceTree = "<group>";
		};
		78BE60A729EB445700841486 /* assessment-iosTests */ = {
			isa = PBXGroup;
			children = (
				78BE60A829EB445700841486 /* assessment_iosTests.swift */,
			);
			path = "assessment-iosTests";
			sourceTree = "<group>";
		};
		78BE60B129EB445700841486 /* assessment-iosUITests */ = {
			isa = PBXGroup;
			children = (
				78BE60B229EB445700841486 /* assessment_iosUITests.swift */,
				78BE60B429EB445700841486 /* assessment_iosUITestsLaunchTests.swift */,
			);
			path = "assessment-iosUITests";
			sourceTree = "<group>";
		};
		78BE60C129EB452B00841486 /* tests */ = {
			isa = PBXGroup;
			children = (
				78BE60A729EB445700841486 /* assessment-iosTests */,
				78BE60B129EB445700841486 /* assessment-iosUITests */,
			);
			path = tests;
			sourceTree = "<group>";
		};
		78BE60C229EB477E00841486 /* UseCases */ = {
			isa = PBXGroup;
			children = (
				78BE60C329EB479100841486 /* Home */,
			);
			path = UseCases;
			sourceTree = "<group>";
		};
		78BE60C329EB479100841486 /* Home */ = {
			isa = PBXGroup;
			children = (
				78BE609429EB445500841486 /* HomeView.swift */,
			);
			path = Home;
			sourceTree = "<group>";
		};
		78BE60C429EB482300841486 /* Model */ = {
			isa = PBXGroup;
			children = (
			);
			path = Model;
			sourceTree = "<group>";
		};
		78BE60C529EB482C00841486 /* Provider */ = {
			isa = PBXGroup;
			children = (
				78BE60C829EB49C800841486 /* UserDefaults */,
				78BE60C729EB49B200841486 /* Services */,
			);
			path = Provider;
			sourceTree = "<group>";
		};
		78BE60C629EB483700841486 /* Util */ = {
			isa = PBXGroup;
			children = (
				78BE60C929EB4A6000841486 /* Util.swift */,
			);
			path = Util;
			sourceTree = "<group>";
		};
		78BE60C729EB49B200841486 /* Services */ = {
			isa = PBXGroup;
			children = (
			);
			path = Services;
			sourceTree = "<group>";
		};
		78BE60C829EB49C800841486 /* UserDefaults */ = {
			isa = PBXGroup;
			children = (
			);
			path = UserDefaults;
			sourceTree = "<group>";
		};
/* End PBXGroup section */

/* Begin PBXNativeTarget section */
		78BE608E29EB445500841486 /* assessment-ios */ = {
			isa = PBXNativeTarget;
			buildConfigurationList = 78BE60B829EB445700841486 /* Build configuration list for PBXNativeTarget "assessment-ios" */;
			buildPhases = (
				78BE608B29EB445500841486 /* Sources */,
				78BE608C29EB445500841486 /* Frameworks */,
				78BE608D29EB445500841486 /* Resources */,
			);
			buildRules = (
			);
			dependencies = (
			);
			name = "assessment-ios";
			productName = "assessment-ios";
			productReference = 78BE608F29EB445500841486 /* assessment-ios.app */;
			productType = "com.apple.product-type.application";
		};
		78BE60A329EB445700841486 /* assessment-iosTests */ = {
			isa = PBXNativeTarget;
			buildConfigurationList = 78BE60BB29EB445700841486 /* Build configuration list for PBXNativeTarget "assessment-iosTests" */;
			buildPhases = (
				78BE60A029EB445700841486 /* Sources */,
				78BE60A129EB445700841486 /* Frameworks */,
				78BE60A229EB445700841486 /* Resources */,
			);
			buildRules = (
			);
			dependencies = (
				78BE60A629EB445700841486 /* PBXTargetDependency */,
			);
			name = "assessment-iosTests";
			productName = "assessment-iosTests";
			productReference = 78BE60A429EB445700841486 /* assessment-iosTests.xctest */;
			productType = "com.apple.product-type.bundle.unit-test";
		};
		78BE60AD29EB445700841486 /* assessment-iosUITests */ = {
			isa = PBXNativeTarget;
			buildConfigurationList = 78BE60BE29EB445700841486 /* Build configuration list for PBXNativeTarget "assessment-iosUITests" */;
			buildPhases = (
				78BE60AA29EB445700841486 /* Sources */,
				78BE60AB29EB445700841486 /* Frameworks */,
				78BE60AC29EB445700841486 /* Resources */,
			);
			buildRules = (
			);
			dependencies = (
				78BE60B029EB445700841486 /* PBXTargetDependency */,
			);
			name = "assessment-iosUITests";
			productName = "assessment-iosUITests";
			productReference = 78BE60AE29EB445700841486 /* assessment-iosUITests.xctest */;
			productType = "com.apple.product-type.bundle.ui-testing";
		};
/* End PBXNativeTarget section */

/* Begin PBXProject section */
		78BE608729EB445500841486 /* Project object */ = {
			isa = PBXProject;
			attributes = {
				BuildIndependentTargetsInParallel = 1;
				LastSwiftUpdateCheck = 1430;
				LastUpgradeCheck = 1430;
				TargetAttributes = {
					78BE608E29EB445500841486 = {
						CreatedOnToolsVersion = 14.3;
					};
					78BE60A329EB445700841486 = {
						CreatedOnToolsVersion = 14.3;
						TestTargetID = 78BE608E29EB445500841486;
					};
					78BE60AD29EB445700841486 = {
						CreatedOnToolsVersion = 14.3;
						TestTargetID = 78BE608E29EB445500841486;
					};
				};
			};
			buildConfigurationList = 78BE608A29EB445500841486 /* Build configuration list for PBXProject "assessment-ios" */;
			compatibilityVersion = "Xcode 14.0";
			developmentRegion = en;
			hasScannedForEncodings = 0;
			knownRegions = (
				en,
				Base,
			);
			mainGroup = 78BE608629EB445500841486;
			productRefGroup = 78BE609029EB445500841486 /* Products */;
			projectDirPath = "";
			projectRoot = "";
			targets = (
				78BE608E29EB445500841486 /* assessment-ios */,
				78BE60A329EB445700841486 /* assessment-iosTests */,
				78BE60AD29EB445700841486 /* assessment-iosUITests */,
			);
		};
/* End PBXProject section */

/* Begin PBXResourcesBuildPhase section */
		78BE608D29EB445500841486 /* Resources */ = {
			isa = PBXResourcesBuildPhase;
			buildActionMask = 2147483647;
			files = (
				78BE60CE29EB5D8D00841486 /* README.md in Resources */,
				78BE609A29EB445700841486 /* Preview Assets.xcassets in Resources */,
				78BE609729EB445700841486 /* Assets.xcassets in Resources */,
			);
			runOnlyForDeploymentPostprocessing = 0;
		};
		78BE60A229EB445700841486 /* Resources */ = {
			isa = PBXResourcesBuildPhase;
			buildActionMask = 2147483647;
			files = (
			);
			runOnlyForDeploymentPostprocessing = 0;
		};
		78BE60AC29EB445700841486 /* Resources */ = {
			isa = PBXResourcesBuildPhase;
			buildActionMask = 2147483647;
			files = (
			);
			runOnlyForDeploymentPostprocessing = 0;
		};
/* End PBXResourcesBuildPhase section */

/* Begin PBXSourcesBuildPhase section */
		78BE608B29EB445500841486 /* Sources */ = {
			isa = PBXSourcesBuildPhase;
			buildActionMask = 2147483647;
			files = (
				78BE609C29EB445700841486 /* Persistence.swift in Sources */,
				78BE609529EB445500841486 /* HomeView.swift in Sources */,
				78BE60CA29EB4A6000841486 /* Util.swift in Sources */,
				78BE609329EB445500841486 /* assessment_iosApp.swift in Sources */,
				78BE609F29EB445700841486 /* assessment_ios.xcdatamodeld in Sources */,
			);
			runOnlyForDeploymentPostprocessing = 0;
		};
		78BE60A029EB445700841486 /* Sources */ = {
			isa = PBXSourcesBuildPhase;
			buildActionMask = 2147483647;
			files = (
				78BE60A929EB445700841486 /* assessment_iosTests.swift in Sources */,
			);
			runOnlyForDeploymentPostprocessing = 0;
		};
		78BE60AA29EB445700841486 /* Sources */ = {
			isa = PBXSourcesBuildPhase;
			buildActionMask = 2147483647;
			files = (
				78BE60B529EB445700841486 /* assessment_iosUITestsLaunchTests.swift in Sources */,
				78BE60B329EB445700841486 /* assessment_iosUITests.swift in Sources */,
			);
			runOnlyForDeploymentPostprocessing = 0;
		};
/* End PBXSourcesBuildPhase section */

/* Begin PBXTargetDependency section */
		78BE60A629EB445700841486 /* PBXTargetDependency */ = {
			isa = PBXTargetDependency;
			target = 78BE608E29EB445500841486 /* assessment-ios */;
			targetProxy = 78BE60A529EB445700841486 /* PBXContainerItemProxy */;
		};
		78BE60B029EB445700841486 /* PBXTargetDependency */ = {
			isa = PBXTargetDependency;
			target = 78BE608E29EB445500841486 /* assessment-ios */;
			targetProxy = 78BE60AF29EB445700841486 /* PBXContainerItemProxy */;
		};
/* End PBXTargetDependency section */

/* Begin XCBuildConfiguration section */
		78BE60B629EB445700841486 /* Debug */ = {
			isa = XCBuildConfiguration;
			buildSettings = {
				ALWAYS_SEARCH_USER_PATHS = NO;
				CLANG_ANALYZER_NONNULL = YES;
				CLANG_ANALYZER_NUMBER_OBJECT_CONVERSION = YES_AGGRESSIVE;
				CLANG_CXX_LANGUAGE_STANDARD = "gnu++20";
				CLANG_ENABLE_MODULES = YES;
				CLANG_ENABLE_OBJC_ARC = YES;
				CLANG_ENABLE_OBJC_WEAK = YES;
				CLANG_WARN_BLOCK_CAPTURE_AUTORELEASING = YES;
				CLANG_WARN_BOOL_CONVERSION = YES;
				CLANG_WARN_COMMA = YES;
				CLANG_WARN_CONSTANT_CONVERSION = YES;
				CLANG_WARN_DEPRECATED_OBJC_IMPLEMENTATIONS = YES;
				CLANG_WARN_DIRECT_OBJC_ISA_USAGE = YES_ERROR;
				CLANG_WARN_DOCUMENTATION_COMMENTS = YES;
				CLANG_WARN_EMPTY_BODY = YES;
				CLANG_WARN_ENUM_CONVERSION = YES;
				CLANG_WARN_INFINITE_RECURSION = YES;
				CLANG_WARN_INT_CONVERSION = YES;
				CLANG_WARN_NON_LITERAL_NULL_CONVERSION = YES;
				CLANG_WARN_OBJC_IMPLICIT_RETAIN_SELF = YES;
				CLANG_WARN_OBJC_LITERAL_CONVERSION = YES;
				CLANG_WARN_OBJC_ROOT_CLASS = YES_ERROR;
				CLANG_WARN_QUOTED_INCLUDE_IN_FRAMEWORK_HEADER = YES;
				CLANG_WARN_RANGE_LOOP_ANALYSIS = YES;
				CLANG_WARN_STRICT_PROTOTYPES = YES;
				CLANG_WARN_SUSPICIOUS_MOVE = YES;
				CLANG_WARN_UNGUARDED_AVAILABILITY = YES_AGGRESSIVE;
				CLANG_WARN_UNREACHABLE_CODE = YES;
				CLANG_WARN__DUPLICATE_METHOD_MATCH = YES;
				COPY_PHASE_STRIP = NO;
				DEBUG_INFORMATION_FORMAT = dwarf;
				ENABLE_STRICT_OBJC_MSGSEND = YES;
				ENABLE_TESTABILITY = YES;
				GCC_C_LANGUAGE_STANDARD = gnu11;
				GCC_DYNAMIC_NO_PIC = NO;
				GCC_NO_COMMON_BLOCKS = YES;
				GCC_OPTIMIZATION_LEVEL = 0;
				GCC_PREPROCESSOR_DEFINITIONS = (
					"DEBUG=1",
					"$(inherited)",
				);
				GCC_WARN_64_TO_32_BIT_CONVERSION = YES;
				GCC_WARN_ABOUT_RETURN_TYPE = YES_ERROR;
				GCC_WARN_UNDECLARED_SELECTOR = YES;
				GCC_WARN_UNINITIALIZED_AUTOS = YES_AGGRESSIVE;
				GCC_WARN_UNUSED_FUNCTION = YES;
				GCC_WARN_UNUSED_VARIABLE = YES;
				IPHONEOS_DEPLOYMENT_TARGET = 16.4;
				MTL_ENABLE_DEBUG_INFO = INCLUDE_SOURCE;
				MTL_FAST_MATH = YES;
				ONLY_ACTIVE_ARCH = YES;
				SDKROOT = iphoneos;
				SWIFT_ACTIVE_COMPILATION_CONDITIONS = DEBUG;
				SWIFT_OPTIMIZATION_LEVEL = "-Onone";
			};
			name = Debug;
		};
		78BE60B729EB445700841486 /* Release */ = {
			isa = XCBuildConfiguration;
			buildSettings = {
				ALWAYS_SEARCH_USER_PATHS = NO;
				CLANG_ANALYZER_NONNULL = YES;
				CLANG_ANALYZER_NUMBER_OBJECT_CONVERSION = YES_AGGRESSIVE;
				CLANG_CXX_LANGUAGE_STANDARD = "gnu++20";
				CLANG_ENABLE_MODULES = YES;
				CLANG_ENABLE_OBJC_ARC = YES;
				CLANG_ENABLE_OBJC_WEAK = YES;
				CLANG_WARN_BLOCK_CAPTURE_AUTORELEASING = YES;
				CLANG_WARN_BOOL_CONVERSION = YES;
				CLANG_WARN_COMMA = YES;
				CLANG_WARN_CONSTANT_CONVERSION = YES;
				CLANG_WARN_DEPRECATED_OBJC_IMPLEMENTATIONS = YES;
				CLANG_WARN_DIRECT_OBJC_ISA_USAGE = YES_ERROR;
				CLANG_WARN_DOCUMENTATION_COMMENTS = YES;
				CLANG_WARN_EMPTY_BODY = YES;
				CLANG_WARN_ENUM_CONVERSION = YES;
				CLANG_WARN_INFINITE_RECURSION = YES;
				CLANG_WARN_INT_CONVERSION = YES;
				CLANG_WARN_NON_LITERAL_NULL_CONVERSION = YES;
				CLANG_WARN_OBJC_IMPLICIT_RETAIN_SELF = YES;
				CLANG_WARN_OBJC_LITERAL_CONVERSION = YES;
				CLANG_WARN_OBJC_ROOT_CLASS = YES_ERROR;
				CLANG_WARN_QUOTED_INCLUDE_IN_FRAMEWORK_HEADER = YES;
				CLANG_WARN_RANGE_LOOP_ANALYSIS = YES;
				CLANG_WARN_STRICT_PROTOTYPES = YES;
				CLANG_WARN_SUSPICIOUS_MOVE = YES;
				CLANG_WARN_UNGUARDED_AVAILABILITY = YES_AGGRESSIVE;
				CLANG_WARN_UNREACHABLE_CODE = YES;
				CLANG_WARN__DUPLICATE_METHOD_MATCH = YES;
				COPY_PHASE_STRIP = NO;
				DEBUG_INFORMATION_FORMAT = "dwarf-with-dsym";
				ENABLE_NS_ASSERTIONS = NO;
				ENABLE_STRICT_OBJC_MSGSEND = YES;
				GCC_C_LANGUAGE_STANDARD = gnu11;
				GCC_NO_COMMON_BLOCKS = YES;
				GCC_WARN_64_TO_32_BIT_CONVERSION = YES;
				GCC_WARN_ABOUT_RETURN_TYPE = YES_ERROR;
				GCC_WARN_UNDECLARED_SELECTOR = YES;
				GCC_WARN_UNINITIALIZED_AUTOS = YES_AGGRESSIVE;
				GCC_WARN_UNUSED_FUNCTION = YES;
				GCC_WARN_UNUSED_VARIABLE = YES;
				IPHONEOS_DEPLOYMENT_TARGET = 16.4;
				MTL_ENABLE_DEBUG_INFO = NO;
				MTL_FAST_MATH = YES;
				SDKROOT = iphoneos;
				SWIFT_COMPILATION_MODE = wholemodule;
				SWIFT_OPTIMIZATION_LEVEL = "-O";
				VALIDATE_PRODUCT = YES;
			};
			name = Release;
		};
		78BE60B929EB445700841486 /* Debug */ = {
			isa = XCBuildConfiguration;
			buildSettings = {
				ASSETCATALOG_COMPILER_APPICON_NAME = AppIcon;
				ASSETCATALOG_COMPILER_GLOBAL_ACCENT_COLOR_NAME = AccentColor;
				CODE_SIGN_STYLE = Automatic;
				CURRENT_PROJECT_VERSION = 1;
				DEVELOPMENT_ASSET_PATHS = "\"assessment-ios/Preview Content\"";
				DEVELOPMENT_TEAM = ED4X4ATM8P;
				ENABLE_PREVIEWS = YES;
				GENERATE_INFOPLIST_FILE = YES;
				INFOPLIST_KEY_CFBundleDisplayName = "Assessment iOS";
				INFOPLIST_KEY_UIApplicationSceneManifest_Generation = YES;
				INFOPLIST_KEY_UIApplicationSupportsIndirectInputEvents = YES;
				INFOPLIST_KEY_UILaunchScreen_Generation = YES;
				INFOPLIST_KEY_UISupportedInterfaceOrientations = UIInterfaceOrientationPortrait;
				INFOPLIST_KEY_UISupportedInterfaceOrientations_iPad = "UIInterfaceOrientationLandscapeLeft UIInterfaceOrientationLandscapeRight UIInterfaceOrientationPortrait UIInterfaceOrientationPortraitUpsideDown";
				LD_RUNPATH_SEARCH_PATHS = (
					"$(inherited)",
					"@executable_path/Frameworks",
				);
				MARKETING_VERSION = 1.0;
				PRODUCT_BUNDLE_IDENTIFIER = "ivantrejo.htsmexico.assessment-ios";
				PRODUCT_NAME = "$(TARGET_NAME)";
				SWIFT_EMIT_LOC_STRINGS = YES;
				SWIFT_VERSION = 5.0;
				TARGETED_DEVICE_FAMILY = "1,2";
			};
			name = Debug;
		};
		78BE60BA29EB445700841486 /* Release */ = {
			isa = XCBuildConfiguration;
			buildSettings = {
				ASSETCATALOG_COMPILER_APPICON_NAME = AppIcon;
				ASSETCATALOG_COMPILER_GLOBAL_ACCENT_COLOR_NAME = AccentColor;
				CODE_SIGN_STYLE = Automatic;
				CURRENT_PROJECT_VERSION = 1;
				DEVELOPMENT_ASSET_PATHS = "\"assessment-ios/Preview Content\"";
				DEVELOPMENT_TEAM = ED4X4ATM8P;
				ENABLE_PREVIEWS = YES;
				GENERATE_INFOPLIST_FILE = YES;
				INFOPLIST_KEY_CFBundleDisplayName = "Assessment iOS";
				INFOPLIST_KEY_UIApplicationSceneManifest_Generation = YES;
				INFOPLIST_KEY_UIApplicationSupportsIndirectInputEvents = YES;
				INFOPLIST_KEY_UILaunchScreen_Generation = YES;
				INFOPLIST_KEY_UISupportedInterfaceOrientations = UIInterfaceOrientationPortrait;
				INFOPLIST_KEY_UISupportedInterfaceOrientations_iPad = "UIInterfaceOrientationLandscapeLeft UIInterfaceOrientationLandscapeRight UIInterfaceOrientationPortrait UIInterfaceOrientationPortraitUpsideDown";
				LD_RUNPATH_SEARCH_PATHS = (
					"$(inherited)",
					"@executable_path/Frameworks",
				);
				MARKETING_VERSION = 1.0;
				PRODUCT_BUNDLE_IDENTIFIER = "ivantrejo.htsmexico.assessment-ios";
				PRODUCT_NAME = "$(TARGET_NAME)";
				SWIFT_EMIT_LOC_STRINGS = YES;
				SWIFT_VERSION = 5.0;
				TARGETED_DEVICE_FAMILY = "1,2";
			};
			name = Release;
		};
		78BE60BC29EB445700841486 /* Debug */ = {
			isa = XCBuildConfiguration;
			buildSettings = {
				ALWAYS_EMBED_SWIFT_STANDARD_LIBRARIES = YES;
				BUNDLE_LOADER = "$(TEST_HOST)";
				CODE_SIGN_STYLE = Automatic;
				CURRENT_PROJECT_VERSION = 1;
				DEVELOPMENT_TEAM = ED4X4ATM8P;
				GENERATE_INFOPLIST_FILE = YES;
				IPHONEOS_DEPLOYMENT_TARGET = 16.4;
				MARKETING_VERSION = 1.0;
				PRODUCT_BUNDLE_IDENTIFIER = "ivantrejo.htsmexico.assessment-iosTests";
				PRODUCT_NAME = "$(TARGET_NAME)";
				SWIFT_EMIT_LOC_STRINGS = NO;
				SWIFT_VERSION = 5.0;
				TARGETED_DEVICE_FAMILY = "1,2";
				TEST_HOST = "$(BUILT_PRODUCTS_DIR)/assessment-ios.app/$(BUNDLE_EXECUTABLE_FOLDER_PATH)/assessment-ios";
			};
			name = Debug;
		};
		78BE60BD29EB445700841486 /* Release */ = {
			isa = XCBuildConfiguration;
			buildSettings = {
				ALWAYS_EMBED_SWIFT_STANDARD_LIBRARIES = YES;
				BUNDLE_LOADER = "$(TEST_HOST)";
				CODE_SIGN_STYLE = Automatic;
				CURRENT_PROJECT_VERSION = 1;
				DEVELOPMENT_TEAM = ED4X4ATM8P;
				GENERATE_INFOPLIST_FILE = YES;
				IPHONEOS_DEPLOYMENT_TARGET = 16.4;
				MARKETING_VERSION = 1.0;
				PRODUCT_BUNDLE_IDENTIFIER = "ivantrejo.htsmexico.assessment-iosTests";
				PRODUCT_NAME = "$(TARGET_NAME)";
				SWIFT_EMIT_LOC_STRINGS = NO;
				SWIFT_VERSION = 5.0;
				TARGETED_DEVICE_FAMILY = "1,2";
				TEST_HOST = "$(BUILT_PRODUCTS_DIR)/assessment-ios.app/$(BUNDLE_EXECUTABLE_FOLDER_PATH)/assessment-ios";
			};
			name = Release;
		};
		78BE60BF29EB445700841486 /* Debug */ = {
			isa = XCBuildConfiguration;
			buildSettings = {
				ALWAYS_EMBED_SWIFT_STANDARD_LIBRARIES = YES;
				CODE_SIGN_STYLE = Automatic;
				CURRENT_PROJECT_VERSION = 1;
				DEVELOPMENT_TEAM = ED4X4ATM8P;
				GENERATE_INFOPLIST_FILE = YES;
				MARKETING_VERSION = 1.0;
				PRODUCT_BUNDLE_IDENTIFIER = "ivantrejo.htsmexico.assessment-iosUITests";
				PRODUCT_NAME = "$(TARGET_NAME)";
				SWIFT_EMIT_LOC_STRINGS = NO;
				SWIFT_VERSION = 5.0;
				TARGETED_DEVICE_FAMILY = "1,2";
				TEST_TARGET_NAME = "assessment-ios";
			};
			name = Debug;
		};
		78BE60C029EB445700841486 /* Release */ = {
			isa = XCBuildConfiguration;
			buildSettings = {
				ALWAYS_EMBED_SWIFT_STANDARD_LIBRARIES = YES;
				CODE_SIGN_STYLE = Automatic;
				CURRENT_PROJECT_VERSION = 1;
				DEVELOPMENT_TEAM = ED4X4ATM8P;
				GENERATE_INFOPLIST_FILE = YES;
				MARKETING_VERSION = 1.0;
				PRODUCT_BUNDLE_IDENTIFIER = "ivantrejo.htsmexico.assessment-iosUITests";
				PRODUCT_NAME = "$(TARGET_NAME)";
				SWIFT_EMIT_LOC_STRINGS = NO;
				SWIFT_VERSION = 5.0;
				TARGETED_DEVICE_FAMILY = "1,2";
				TEST_TARGET_NAME = "assessment-ios";
			};
			name = Release;
		};
/* End XCBuildConfiguration section */

/* Begin XCConfigurationList section */
		78BE608A29EB445500841486 /* Build configuration list for PBXProject "assessment-ios" */ = {
			isa = XCConfigurationList;
			buildConfigurations = (
				78BE60B629EB445700841486 /* Debug */,
				78BE60B729EB445700841486 /* Release */,
			);
			defaultConfigurationIsVisible = 0;
			defaultConfigurationName = Release;
		};
		78BE60B829EB445700841486 /* Build configuration list for PBXNativeTarget "assessment-ios" */ = {
			isa = XCConfigurationList;
			buildConfigurations = (
				78BE60B929EB445700841486 /* Debug */,
				78BE60BA29EB445700841486 /* Release */,
			);
			defaultConfigurationIsVisible = 0;
			defaultConfigurationName = Release;
		};
		78BE60BB29EB445700841486 /* Build configuration list for PBXNativeTarget "assessment-iosTests" */ = {
			isa = XCConfigurationList;
			buildConfigurations = (
				78BE60BC29EB445700841486 /* Debug */,
				78BE60BD29EB445700841486 /* Release */,
			);
			defaultConfigurationIsVisible = 0;
			defaultConfigurationName = Release;
		};
		78BE60BE29EB445700841486 /* Build configuration list for PBXNativeTarget "assessment-iosUITests" */ = {
			isa = XCConfigurationList;
			buildConfigurations = (
				78BE60BF29EB445700841486 /* Debug */,
				78BE60C029EB445700841486 /* Release */,
			);
			defaultConfigurationIsVisible = 0;
			defaultConfigurationName = Release;
		};
/* End XCConfigurationList section */

/* Begin XCVersionGroup section */
		78BE609D29EB445700841486 /* assessment_ios.xcdatamodeld */ = {
			isa = XCVersionGroup;
			children = (
				78BE609E29EB445700841486 /* assessment_ios.xcdatamodel */,
			);
			currentVersion = 78BE609E29EB445700841486 /* assessment_ios.xcdatamodel */;
			path = assessment_ios.xcdatamodeld;
			sourceTree = "<group>";
			versionGroupType = wrapper.xcdatamodel;
		};
/* End XCVersionGroup section */
	};
	rootObject = 78BE608729EB445500841486 /* Project object */;
}
