// !$*UTF8*$!
{
	archiveVersion = 1;
	classes = {
	};
	objectVersion = 56;
	objects = {

/* Begin PBXBuildFile section */
		757A432E29F66DA2001C731B /* PokemonCellView.swift in Sources */ = {isa = PBXBuildFile; fileRef = 757A432D29F66DA2001C731B /* PokemonCellView.swift */; };
		757A433029F66DE9001C731B /* PokedexHomeRouter.swift in Sources */ = {isa = PBXBuildFile; fileRef = 757A432F29F66DE9001C731B /* PokedexHomeRouter.swift */; };
		757A433229F66E1E001C731B /* PokedexHomeViewModel.swift in Sources */ = {isa = PBXBuildFile; fileRef = 757A433129F66E1E001C731B /* PokedexHomeViewModel.swift */; };
		757A433429F66E3D001C731B /* PokedexHomeModel.swift in Sources */ = {isa = PBXBuildFile; fileRef = 757A433329F66E3D001C731B /* PokedexHomeModel.swift */; };
		757A433829F66E7D001C731B /* PokedexHomeRepository.swift in Sources */ = {isa = PBXBuildFile; fileRef = 757A433729F66E7D001C731B /* PokedexHomeRepository.swift */; };
		757A433A29F66E8D001C731B /* PokedexHomeLocalDataManager.swift in Sources */ = {isa = PBXBuildFile; fileRef = 757A433929F66E8D001C731B /* PokedexHomeLocalDataManager.swift */; };
		757A433C29F66E9B001C731B /* PokedexHomeAPIDataManager.swift in Sources */ = {isa = PBXBuildFile; fileRef = 757A433B29F66E9B001C731B /* PokedexHomeAPIDataManager.swift */; };
		757A434329F66F9C001C731B /* PokemonDetailViewModel.swift in Sources */ = {isa = PBXBuildFile; fileRef = 757A434229F66F9C001C731B /* PokemonDetailViewModel.swift */; };
		757A434529F66FB4001C731B /* PokemonDetailRouter.swift in Sources */ = {isa = PBXBuildFile; fileRef = 757A434429F66FB4001C731B /* PokemonDetailRouter.swift */; };
		757A434729F66FCA001C731B /* PokemonDetailView.swift in Sources */ = {isa = PBXBuildFile; fileRef = 757A434629F66FCA001C731B /* PokemonDetailView.swift */; };
		757A434929F66FE6001C731B /* PokemonDetailModel.swift in Sources */ = {isa = PBXBuildFile; fileRef = 757A434829F66FE6001C731B /* PokemonDetailModel.swift */; };
		757A434D29F67006001C731B /* PokemonDetailRepository.swift in Sources */ = {isa = PBXBuildFile; fileRef = 757A434C29F67006001C731B /* PokemonDetailRepository.swift */; };
		757A434F29F6701D001C731B /* PokemonDetailLocalDataManager.swift in Sources */ = {isa = PBXBuildFile; fileRef = 757A434E29F6701D001C731B /* PokemonDetailLocalDataManager.swift */; };
		757A435129F6702C001C731B /* PokemonDetailAPIDataManager.swift in Sources */ = {isa = PBXBuildFile; fileRef = 757A435029F6702C001C731B /* PokemonDetailAPIDataManager.swift */; };
		757A435529F67071001C731B /* ViewState.swift in Sources */ = {isa = PBXBuildFile; fileRef = 757A435429F67071001C731B /* ViewState.swift */; };
		757A435729F670A1001C731B /* ErrorView.swift in Sources */ = {isa = PBXBuildFile; fileRef = 757A435629F670A1001C731B /* ErrorView.swift */; };
		757A435929F670AB001C731B /* LoaderView.swift in Sources */ = {isa = PBXBuildFile; fileRef = 757A435829F670AB001C731B /* LoaderView.swift */; };
		757A436029F67149001C731B /* URLSessionNetworking.swift in Sources */ = {isa = PBXBuildFile; fileRef = 757A435F29F67149001C731B /* URLSessionNetworking.swift */; };
		757A436329F67194001C731B /* PokedexServices.swift in Sources */ = {isa = PBXBuildFile; fileRef = 757A436229F67194001C731B /* PokedexServices.swift */; };
		757A436529F671A1001C731B /* PokedexParameters.swift in Sources */ = {isa = PBXBuildFile; fileRef = 757A436429F671A1001C731B /* PokedexParameters.swift */; };
		757A436729F671D8001C731B /* ServiceProtocol.swift in Sources */ = {isa = PBXBuildFile; fileRef = 757A436629F671D8001C731B /* ServiceProtocol.swift */; };
		757A436929F671EA001C731B /* HTTPMethod.swift in Sources */ = {isa = PBXBuildFile; fileRef = 757A436829F671EA001C731B /* HTTPMethod.swift */; };
		757A436B29F67205001C731B /* URLExtension.swift in Sources */ = {isa = PBXBuildFile; fileRef = 757A436A29F67205001C731B /* URLExtension.swift */; };
		757A436D29F6721A001C731B /* Response.swift in Sources */ = {isa = PBXBuildFile; fileRef = 757A436C29F6721A001C731B /* Response.swift */; };
		757A436F29F67226001C731B /* APIError.swift in Sources */ = {isa = PBXBuildFile; fileRef = 757A436E29F67226001C731B /* APIError.swift */; };
		757A437129F67231001C731B /* Parameters.swift in Sources */ = {isa = PBXBuildFile; fileRef = 757A437029F67231001C731B /* Parameters.swift */; };
		78BE609329EB445500841486 /* assessment_iosApp.swift in Sources */ = {isa = PBXBuildFile; fileRef = 78BE609229EB445500841486 /* assessment_iosApp.swift */; };
		78BE609529EB445500841486 /* PokedexHomeView.swift in Sources */ = {isa = PBXBuildFile; fileRef = 78BE609429EB445500841486 /* PokedexHomeView.swift */; };
		78BE609729EB445700841486 /* Assets.xcassets in Resources */ = {isa = PBXBuildFile; fileRef = 78BE609629EB445700841486 /* Assets.xcassets */; };
		78BE609A29EB445700841486 /* Preview Assets.xcassets in Resources */ = {isa = PBXBuildFile; fileRef = 78BE609929EB445700841486 /* Preview Assets.xcassets */; };
		78BE609F29EB445700841486 /* assessment_ios.xcdatamodeld in Sources */ = {isa = PBXBuildFile; fileRef = 78BE609D29EB445700841486 /* assessment_ios.xcdatamodeld */; };
		78BE60A929EB445700841486 /* assessment_iosTests.swift in Sources */ = {isa = PBXBuildFile; fileRef = 78BE60A829EB445700841486 /* assessment_iosTests.swift */; };
		78BE60B329EB445700841486 /* assessment_iosUITests.swift in Sources */ = {isa = PBXBuildFile; fileRef = 78BE60B229EB445700841486 /* assessment_iosUITests.swift */; };
		78BE60B529EB445700841486 /* assessment_iosUITestsLaunchTests.swift in Sources */ = {isa = PBXBuildFile; fileRef = 78BE60B429EB445700841486 /* assessment_iosUITestsLaunchTests.swift */; };
		78BE60CA29EB4A6000841486 /* Util.swift in Sources */ = {isa = PBXBuildFile; fileRef = 78BE60C929EB4A6000841486 /* Util.swift */; };
		78BE60CE29EB5D8D00841486 /* README.md in Resources */ = {isa = PBXBuildFile; fileRef = 78BE60CD29EB5D8D00841486 /* README.md */; };
/* End PBXBuildFile section */

/* Begin PBXContainerItemProxy section */
		78BE60A529EB445700841486 /* PBXContainerItemProxy */ = {
			isa = PBXContainerItemProxy;
			containerPortal = 78BE608729EB445500841486 /* Project object */;
			proxyType = 1;
			remoteGlobalIDString = 78BE608E29EB445500841486;
			remoteInfo = "assessment-ios";
		};
		78BE60AF29EB445700841486 /* PBXContainerItemProxy */ = {
			isa = PBXContainerItemProxy;
			containerPortal = 78BE608729EB445500841486 /* Project object */;
			proxyType = 1;
			remoteGlobalIDString = 78BE608E29EB445500841486;
			remoteInfo = "assessment-ios";
		};
/* End PBXContainerItemProxy section */

/* Begin PBXFileReference section */
		757A432D29F66DA2001C731B /* PokemonCellView.swift */ = {isa = PBXFileReference; lastKnownFileType = sourcecode.swift; path = PokemonCellView.swift; sourceTree = "<group>"; };
		757A432F29F66DE9001C731B /* PokedexHomeRouter.swift */ = {isa = PBXFileReference; lastKnownFileType = sourcecode.swift; path = PokedexHomeRouter.swift; sourceTree = "<group>"; };
		757A433129F66E1E001C731B /* PokedexHomeViewModel.swift */ = {isa = PBXFileReference; lastKnownFileType = sourcecode.swift; path = PokedexHomeViewModel.swift; sourceTree = "<group>"; };
		757A433329F66E3D001C731B /* PokedexHomeModel.swift */ = {isa = PBXFileReference; lastKnownFileType = sourcecode.swift; path = PokedexHomeModel.swift; sourceTree = "<group>"; };
		757A433729F66E7D001C731B /* PokedexHomeRepository.swift */ = {isa = PBXFileReference; lastKnownFileType = sourcecode.swift; path = PokedexHomeRepository.swift; sourceTree = "<group>"; };
		757A433929F66E8D001C731B /* PokedexHomeLocalDataManager.swift */ = {isa = PBXFileReference; lastKnownFileType = sourcecode.swift; path = PokedexHomeLocalDataManager.swift; sourceTree = "<group>"; };
		757A433B29F66E9B001C731B /* PokedexHomeAPIDataManager.swift */ = {isa = PBXFileReference; lastKnownFileType = sourcecode.swift; path = PokedexHomeAPIDataManager.swift; sourceTree = "<group>"; };
		757A434229F66F9C001C731B /* PokemonDetailViewModel.swift */ = {isa = PBXFileReference; lastKnownFileType = sourcecode.swift; path = PokemonDetailViewModel.swift; sourceTree = "<group>"; };
		757A434429F66FB4001C731B /* PokemonDetailRouter.swift */ = {isa = PBXFileReference; lastKnownFileType = sourcecode.swift; path = PokemonDetailRouter.swift; sourceTree = "<group>"; };
		757A434629F66FCA001C731B /* PokemonDetailView.swift */ = {isa = PBXFileReference; lastKnownFileType = sourcecode.swift; path = PokemonDetailView.swift; sourceTree = "<group>"; };
		757A434829F66FE6001C731B /* PokemonDetailModel.swift */ = {isa = PBXFileReference; lastKnownFileType = sourcecode.swift; path = PokemonDetailModel.swift; sourceTree = "<group>"; };
		757A434C29F67006001C731B /* PokemonDetailRepository.swift */ = {isa = PBXFileReference; lastKnownFileType = sourcecode.swift; path = PokemonDetailRepository.swift; sourceTree = "<group>"; };
		757A434E29F6701D001C731B /* PokemonDetailLocalDataManager.swift */ = {isa = PBXFileReference; lastKnownFileType = sourcecode.swift; path = PokemonDetailLocalDataManager.swift; sourceTree = "<group>"; };
		757A435029F6702C001C731B /* PokemonDetailAPIDataManager.swift */ = {isa = PBXFileReference; lastKnownFileType = sourcecode.swift; path = PokemonDetailAPIDataManager.swift; sourceTree = "<group>"; };
		757A435429F67071001C731B /* ViewState.swift */ = {isa = PBXFileReference; lastKnownFileType = sourcecode.swift; path = ViewState.swift; sourceTree = "<group>"; };
		757A435629F670A1001C731B /* ErrorView.swift */ = {isa = PBXFileReference; lastKnownFileType = sourcecode.swift; path = ErrorView.swift; sourceTree = "<group>"; };
		757A435829F670AB001C731B /* LoaderView.swift */ = {isa = PBXFileReference; lastKnownFileType = sourcecode.swift; path = LoaderView.swift; sourceTree = "<group>"; };
		757A435F29F67149001C731B /* URLSessionNetworking.swift */ = {isa = PBXFileReference; lastKnownFileType = sourcecode.swift; path = URLSessionNetworking.swift; sourceTree = "<group>"; };
		757A436229F67194001C731B /* PokedexServices.swift */ = {isa = PBXFileReference; lastKnownFileType = sourcecode.swift; path = PokedexServices.swift; sourceTree = "<group>"; };
		757A436429F671A1001C731B /* PokedexParameters.swift */ = {isa = PBXFileReference; lastKnownFileType = sourcecode.swift; path = PokedexParameters.swift; sourceTree = "<group>"; };
		757A436629F671D8001C731B /* ServiceProtocol.swift */ = {isa = PBXFileReference; lastKnownFileType = sourcecode.swift; path = ServiceProtocol.swift; sourceTree = "<group>"; };
		757A436829F671EA001C731B /* HTTPMethod.swift */ = {isa = PBXFileReference; lastKnownFileType = sourcecode.swift; path = HTTPMethod.swift; sourceTree = "<group>"; };
		757A436A29F67205001C731B /* URLExtension.swift */ = {isa = PBXFileReference; lastKnownFileType = sourcecode.swift; path = URLExtension.swift; sourceTree = "<group>"; };
		757A436C29F6721A001C731B /* Response.swift */ = {isa = PBXFileReference; lastKnownFileType = sourcecode.swift; path = Response.swift; sourceTree = "<group>"; };
		757A436E29F67226001C731B /* APIError.swift */ = {isa = PBXFileReference; lastKnownFileType = sourcecode.swift; path = APIError.swift; sourceTree = "<group>"; };
		757A437029F67231001C731B /* Parameters.swift */ = {isa = PBXFileReference; lastKnownFileType = sourcecode.swift; path = Parameters.swift; sourceTree = "<group>"; };
		78BE608F29EB445500841486 /* assessment-ios.app */ = {isa = PBXFileReference; explicitFileType = wrapper.application; includeInIndex = 0; path = "assessment-ios.app"; sourceTree = BUILT_PRODUCTS_DIR; };
		78BE609229EB445500841486 /* assessment_iosApp.swift */ = {isa = PBXFileReference; lastKnownFileType = sourcecode.swift; path = assessment_iosApp.swift; sourceTree = "<group>"; };
		78BE609429EB445500841486 /* PokedexHomeView.swift */ = {isa = PBXFileReference; lastKnownFileType = sourcecode.swift; path = PokedexHomeView.swift; sourceTree = "<group>"; };
		78BE609629EB445700841486 /* Assets.xcassets */ = {isa = PBXFileReference; lastKnownFileType = folder.assetcatalog; path = Assets.xcassets; sourceTree = "<group>"; };
		78BE609929EB445700841486 /* Preview Assets.xcassets */ = {isa = PBXFileReference; lastKnownFileType = folder.assetcatalog; path = "Preview Assets.xcassets"; sourceTree = "<group>"; };
		78BE609E29EB445700841486 /* assessment_ios.xcdatamodel */ = {isa = PBXFileReference; lastKnownFileType = wrapper.xcdatamodel; path = assessment_ios.xcdatamodel; sourceTree = "<group>"; };
		78BE60A429EB445700841486 /* assessment-iosTests.xctest */ = {isa = PBXFileReference; explicitFileType = wrapper.cfbundle; includeInIndex = 0; path = "assessment-iosTests.xctest"; sourceTree = BUILT_PRODUCTS_DIR; };
		78BE60A829EB445700841486 /* assessment_iosTests.swift */ = {isa = PBXFileReference; lastKnownFileType = sourcecode.swift; path = assessment_iosTests.swift; sourceTree = "<group>"; };
		78BE60AE29EB445700841486 /* assessment-iosUITests.xctest */ = {isa = PBXFileReference; explicitFileType = wrapper.cfbundle; includeInIndex = 0; path = "assessment-iosUITests.xctest"; sourceTree = BUILT_PRODUCTS_DIR; };
		78BE60B229EB445700841486 /* assessment_iosUITests.swift */ = {isa = PBXFileReference; lastKnownFileType = sourcecode.swift; path = assessment_iosUITests.swift; sourceTree = "<group>"; };
		78BE60B429EB445700841486 /* assessment_iosUITestsLaunchTests.swift */ = {isa = PBXFileReference; lastKnownFileType = sourcecode.swift; path = assessment_iosUITestsLaunchTests.swift; sourceTree = "<group>"; };
		78BE60C929EB4A6000841486 /* Util.swift */ = {isa = PBXFileReference; lastKnownFileType = sourcecode.swift; path = Util.swift; sourceTree = "<group>"; };
		78BE60CD29EB5D8D00841486 /* README.md */ = {isa = PBXFileReference; fileEncoding = 4; lastKnownFileType = net.daringfireball.markdown; path = README.md; sourceTree = "<group>"; };
/* End PBXFileReference section */

/* Begin PBXFrameworksBuildPhase section */
		78BE608C29EB445500841486 /* Frameworks */ = {
			isa = PBXFrameworksBuildPhase;
			buildActionMask = 2147483647;
			files = (
			);
			runOnlyForDeploymentPostprocessing = 0;
		};
		78BE60A129EB445700841486 /* Frameworks */ = {
			isa = PBXFrameworksBuildPhase;
			buildActionMask = 2147483647;
			files = (
			);
			runOnlyForDeploymentPostprocessing = 0;
		};
		78BE60AB29EB445700841486 /* Frameworks */ = {
			isa = PBXFrameworksBuildPhase;
			buildActionMask = 2147483647;
			files = (
			);
			runOnlyForDeploymentPostprocessing = 0;
		};
/* End PBXFrameworksBuildPhase section */

/* Begin PBXGroup section */
		757A432729F66BDF001C731B /* PokedexDetail */ = {
			isa = PBXGroup;
			children = (
				757A434029F66F0D001C731B /* DataManager */,
				757A433E29F66F00001C731B /* Model */,
				757A433D29F66EFA001C731B /* Presentation */,
				757A434129F66F16001C731B /* Router */,
				757A433F29F66F06001C731B /* ViewModel */,
			);
			path = PokedexDetail;
			sourceTree = "<group>";
		};
		757A432829F66C69001C731B /* DataManager */ = {
			isa = PBXGroup;
			children = (
				757A433629F66E64001C731B /* Manager */,
				757A433529F66E55001C731B /* Repository */,
			);
			path = DataManager;
			sourceTree = "<group>";
		};
		757A432929F66C70001C731B /* Router */ = {
			isa = PBXGroup;
			children = (
				757A432F29F66DE9001C731B /* PokedexHomeRouter.swift */,
			);
			path = Router;
			sourceTree = "<group>";
		};
		757A432A29F66C75001C731B /* Presentation */ = {
			isa = PBXGroup;
			children = (
				78BE609429EB445500841486 /* PokedexHomeView.swift */,
				757A432D29F66DA2001C731B /* PokemonCellView.swift */,
			);
			path = Presentation;
			sourceTree = "<group>";
		};
		757A432B29F66C7B001C731B /* ViewModel */ = {
			isa = PBXGroup;
			children = (
				757A433129F66E1E001C731B /* PokedexHomeViewModel.swift */,
			);
			path = ViewModel;
			sourceTree = "<group>";
		};
		757A432C29F66C82001C731B /* Model */ = {
			isa = PBXGroup;
			children = (
				757A433329F66E3D001C731B /* PokedexHomeModel.swift */,
			);
			path = Model;
			sourceTree = "<group>";
		};
		757A433529F66E55001C731B /* Repository */ = {
			isa = PBXGroup;
			children = (
				757A433729F66E7D001C731B /* PokedexHomeRepository.swift */,
			);
			path = Repository;
			sourceTree = "<group>";
		};
		757A433629F66E64001C731B /* Manager */ = {
			isa = PBXGroup;
			children = (
				757A433B29F66E9B001C731B /* PokedexHomeAPIDataManager.swift */,
				757A433929F66E8D001C731B /* PokedexHomeLocalDataManager.swift */,
			);
			path = Manager;
			sourceTree = "<group>";
		};
		757A433D29F66EFA001C731B /* Presentation */ = {
			isa = PBXGroup;
			children = (
				757A434629F66FCA001C731B /* PokemonDetailView.swift */,
			);
			path = Presentation;
			sourceTree = "<group>";
		};
		757A433E29F66F00001C731B /* Model */ = {
			isa = PBXGroup;
			children = (
				757A434829F66FE6001C731B /* PokemonDetailModel.swift */,
			);
			path = Model;
			sourceTree = "<group>";
		};
		757A433F29F66F06001C731B /* ViewModel */ = {
			isa = PBXGroup;
			children = (
				757A434229F66F9C001C731B /* PokemonDetailViewModel.swift */,
			);
			path = ViewModel;
			sourceTree = "<group>";
		};
		757A434029F66F0D001C731B /* DataManager */ = {
			isa = PBXGroup;
			children = (
				757A434A29F66FEF001C731B /* Manager */,
				757A434B29F66FF4001C731B /* Repository */,
			);
			path = DataManager;
			sourceTree = "<group>";
		};
		757A434129F66F16001C731B /* Router */ = {
			isa = PBXGroup;
			children = (
				757A434429F66FB4001C731B /* PokemonDetailRouter.swift */,
			);
			path = Router;
			sourceTree = "<group>";
		};
		757A434A29F66FEF001C731B /* Manager */ = {
			isa = PBXGroup;
			children = (
				757A435029F6702C001C731B /* PokemonDetailAPIDataManager.swift */,
				757A434E29F6701D001C731B /* PokemonDetailLocalDataManager.swift */,
			);
			path = Manager;
			sourceTree = "<group>";
		};
		757A434B29F66FF4001C731B /* Repository */ = {
			isa = PBXGroup;
			children = (
				757A434C29F67006001C731B /* PokemonDetailRepository.swift */,
			);
			path = Repository;
			sourceTree = "<group>";
		};
		757A435229F67057001C731B /* Entities */ = {
			isa = PBXGroup;
			children = (
				757A435429F67071001C731B /* ViewState.swift */,
			);
			path = Entities;
			sourceTree = "<group>";
		};
		757A435329F6705D001C731B /* ViewHelper */ = {
			isa = PBXGroup;
			children = (
				757A435629F670A1001C731B /* ErrorView.swift */,
				757A435829F670AB001C731B /* LoaderView.swift */,
			);
			path = ViewHelper;
			sourceTree = "<group>";
		};
		757A435A29F670E9001C731B /* Network */ = {
			isa = PBXGroup;
			children = (
				757A435C29F67111001C731B /* Resources */,
				757A435B29F67106001C731B /* Modules */,
			);
			path = Network;
			sourceTree = "<group>";
		};
		757A435B29F67106001C731B /* Modules */ = {
			isa = PBXGroup;
			children = (
				757A436129F67180001C731B /* Pokedex */,
			);
			path = Modules;
			sourceTree = "<group>";
		};
		757A435C29F67111001C731B /* Resources */ = {
			isa = PBXGroup;
			children = (
				757A435D29F67117001C731B /* Service */,
				757A435E29F6711F001C731B /* URLSession */,
			);
			path = Resources;
			sourceTree = "<group>";
		};
		757A435D29F67117001C731B /* Service */ = {
			isa = PBXGroup;
			children = (
				757A436E29F67226001C731B /* APIError.swift */,
				757A436829F671EA001C731B /* HTTPMethod.swift */,
				757A437029F67231001C731B /* Parameters.swift */,
				757A436C29F6721A001C731B /* Response.swift */,
				757A436629F671D8001C731B /* ServiceProtocol.swift */,
				757A436A29F67205001C731B /* URLExtension.swift */,
			);
			path = Service;
			sourceTree = "<group>";
		};
		757A435E29F6711F001C731B /* URLSession */ = {
			isa = PBXGroup;
			children = (
				757A435F29F67149001C731B /* URLSessionNetworking.swift */,
			);
			path = URLSession;
			sourceTree = "<group>";
		};
		757A436129F67180001C731B /* Pokedex */ = {
			isa = PBXGroup;
			children = (
				757A436229F67194001C731B /* PokedexServices.swift */,
				757A436429F671A1001C731B /* PokedexParameters.swift */,
			);
			path = Pokedex;
			sourceTree = "<group>";
		};
		78BE608629EB445500841486 = {
			isa = PBXGroup;
			children = (
				78BE60CD29EB5D8D00841486 /* README.md */,
				78BE609129EB445500841486 /* assessment-ios */,
				78BE60C129EB452B00841486 /* tests */,
				78BE609029EB445500841486 /* Products */,
			);
			sourceTree = "<group>";
		};
		78BE609029EB445500841486 /* Products */ = {
			isa = PBXGroup;
			children = (
				78BE608F29EB445500841486 /* assessment-ios.app */,
				78BE60A429EB445700841486 /* assessment-iosTests.xctest */,
				78BE60AE29EB445700841486 /* assessment-iosUITests.xctest */,
			);
			name = Products;
			sourceTree = "<group>";
		};
		78BE609129EB445500841486 /* assessment-ios */ = {
			isa = PBXGroup;
			children = (
				78BE609229EB445500841486 /* assessment_iosApp.swift */,
				78BE609629EB445700841486 /* Assets.xcassets */,
				78BE609D29EB445700841486 /* assessment_ios.xcdatamodeld */,
				78BE60C229EB477E00841486 /* Modules */,
				757A435A29F670E9001C731B /* Network */,
				78BE60C629EB483700841486 /* Util */,
				78BE609829EB445700841486 /* Preview Content */,
			);
			path = "assessment-ios";
			sourceTree = "<group>";
		};
		78BE609829EB445700841486 /* Preview Content */ = {
			isa = PBXGroup;
			children = (
				78BE609929EB445700841486 /* Preview Assets.xcassets */,
			);
			path = "Preview Content";
			sourceTree = "<group>";
		};
		78BE60A729EB445700841486 /* assessment-iosTests */ = {
			isa = PBXGroup;
			children = (
				78BE60A829EB445700841486 /* assessment_iosTests.swift */,
			);
			path = "assessment-iosTests";
			sourceTree = "<group>";
		};
		78BE60B129EB445700841486 /* assessment-iosUITests */ = {
			isa = PBXGroup;
			children = (
				78BE60B229EB445700841486 /* assessment_iosUITests.swift */,
				78BE60B429EB445700841486 /* assessment_iosUITestsLaunchTests.swift */,
			);
			path = "assessment-iosUITests";
			sourceTree = "<group>";
		};
		78BE60C129EB452B00841486 /* tests */ = {
			isa = PBXGroup;
			children = (
				78BE60A729EB445700841486 /* assessment-iosTests */,
				78BE60B129EB445700841486 /* assessment-iosUITests */,
			);
			path = tests;
			sourceTree = "<group>";
		};
		78BE60C229EB477E00841486 /* Modules */ = {
			isa = PBXGroup;
			children = (
				757A432729F66BDF001C731B /* PokedexDetail */,
				78BE60C329EB479100841486 /* PokedexHome */,
			);
			path = Modules;
			sourceTree = "<group>";
		};
		78BE60C329EB479100841486 /* PokedexHome */ = {
			isa = PBXGroup;
			children = (
				757A432829F66C69001C731B /* DataManager */,
				757A432C29F66C82001C731B /* Model */,
				757A432A29F66C75001C731B /* Presentation */,
				757A432929F66C70001C731B /* Router */,
				757A432B29F66C7B001C731B /* ViewModel */,
			);
			path = PokedexHome;
			sourceTree = "<group>";
		};
		78BE60C629EB483700841486 /* Util */ = {
			isa = PBXGroup;
			children = (
				757A435329F6705D001C731B /* ViewHelper */,
				757A435229F67057001C731B /* Entities */,
				78BE60C929EB4A6000841486 /* Util.swift */,
			);
			path = Util;
			sourceTree = "<group>";
		};
/* End PBXGroup section */

/* Begin PBXNativeTarget section */
		78BE608E29EB445500841486 /* assessment-ios */ = {
			isa = PBXNativeTarget;
			buildConfigurationList = 78BE60B829EB445700841486 /* Build configuration list for PBXNativeTarget "assessment-ios" */;
			buildPhases = (
				78BE608B29EB445500841486 /* Sources */,
				78BE608C29EB445500841486 /* Frameworks */,
				78BE608D29EB445500841486 /* Resources */,
			);
			buildRules = (
			);
			dependencies = (
			);
			name = "assessment-ios";
			productName = "assessment-ios";
			productReference = 78BE608F29EB445500841486 /* assessment-ios.app */;
			productType = "com.apple.product-type.application";
		};
		78BE60A329EB445700841486 /* assessment-iosTests */ = {
			isa = PBXNativeTarget;
			buildConfigurationList = 78BE60BB29EB445700841486 /* Build configuration list for PBXNativeTarget "assessment-iosTests" */;
			buildPhases = (
				78BE60A029EB445700841486 /* Sources */,
				78BE60A129EB445700841486 /* Frameworks */,
				78BE60A229EB445700841486 /* Resources */,
			);
			buildRules = (
			);
			dependencies = (
				78BE60A629EB445700841486 /* PBXTargetDependency */,
			);
			name = "assessment-iosTests";
			productName = "assessment-iosTests";
			productReference = 78BE60A429EB445700841486 /* assessment-iosTests.xctest */;
			productType = "com.apple.product-type.bundle.unit-test";
		};
		78BE60AD29EB445700841486 /* assessment-iosUITests */ = {
			isa = PBXNativeTarget;
			buildConfigurationList = 78BE60BE29EB445700841486 /* Build configuration list for PBXNativeTarget "assessment-iosUITests" */;
			buildPhases = (
				78BE60AA29EB445700841486 /* Sources */,
				78BE60AB29EB445700841486 /* Frameworks */,
				78BE60AC29EB445700841486 /* Resources */,
			);
			buildRules = (
			);
			dependencies = (
				78BE60B029EB445700841486 /* PBXTargetDependency */,
			);
			name = "assessment-iosUITests";
			productName = "assessment-iosUITests";
			productReference = 78BE60AE29EB445700841486 /* assessment-iosUITests.xctest */;
			productType = "com.apple.product-type.bundle.ui-testing";
		};
/* End PBXNativeTarget section */

/* Begin PBXProject section */
		78BE608729EB445500841486 /* Project object */ = {
			isa = PBXProject;
			attributes = {
				BuildIndependentTargetsInParallel = 1;
				LastSwiftUpdateCheck = 1430;
				LastUpgradeCheck = 1430;
				TargetAttributes = {
					78BE608E29EB445500841486 = {
						CreatedOnToolsVersion = 14.3;
					};
					78BE60A329EB445700841486 = {
						CreatedOnToolsVersion = 14.3;
						TestTargetID = 78BE608E29EB445500841486;
					};
					78BE60AD29EB445700841486 = {
						CreatedOnToolsVersion = 14.3;
						TestTargetID = 78BE608E29EB445500841486;
					};
				};
			};
			buildConfigurationList = 78BE608A29EB445500841486 /* Build configuration list for PBXProject "assessment-ios" */;
			compatibilityVersion = "Xcode 14.0";
			developmentRegion = en;
			hasScannedForEncodings = 0;
			knownRegions = (
				en,
				Base,
			);
			mainGroup = 78BE608629EB445500841486;
			productRefGroup = 78BE609029EB445500841486 /* Products */;
			projectDirPath = "";
			projectRoot = "";
			targets = (
				78BE608E29EB445500841486 /* assessment-ios */,
				78BE60A329EB445700841486 /* assessment-iosTests */,
				78BE60AD29EB445700841486 /* assessment-iosUITests */,
			);
		};
/* End PBXProject section */

/* Begin PBXResourcesBuildPhase section */
		78BE608D29EB445500841486 /* Resources */ = {
			isa = PBXResourcesBuildPhase;
			buildActionMask = 2147483647;
			files = (
				78BE60CE29EB5D8D00841486 /* README.md in Resources */,
				78BE609A29EB445700841486 /* Preview Assets.xcassets in Resources */,
				78BE609729EB445700841486 /* Assets.xcassets in Resources */,
			);
			runOnlyForDeploymentPostprocessing = 0;
		};
		78BE60A229EB445700841486 /* Resources */ = {
			isa = PBXResourcesBuildPhase;
			buildActionMask = 2147483647;
			files = (
			);
			runOnlyForDeploymentPostprocessing = 0;
		};
		78BE60AC29EB445700841486 /* Resources */ = {
			isa = PBXResourcesBuildPhase;
			buildActionMask = 2147483647;
			files = (
			);
			runOnlyForDeploymentPostprocessing = 0;
		};
/* End PBXResourcesBuildPhase section */

/* Begin PBXSourcesBuildPhase section */
		78BE608B29EB445500841486 /* Sources */ = {
			isa = PBXSourcesBuildPhase;
			buildActionMask = 2147483647;
			files = (
				757A434D29F67006001C731B /* PokemonDetailRepository.swift in Sources */,
				757A436B29F67205001C731B /* URLExtension.swift in Sources */,
				757A436729F671D8001C731B /* ServiceProtocol.swift in Sources */,
				757A435929F670AB001C731B /* LoaderView.swift in Sources */,
				757A434929F66FE6001C731B /* PokemonDetailModel.swift in Sources */,
				757A435529F67071001C731B /* ViewState.swift in Sources */,
				757A432E29F66DA2001C731B /* PokemonCellView.swift in Sources */,
				757A435729F670A1001C731B /* ErrorView.swift in Sources */,
				757A433229F66E1E001C731B /* PokedexHomeViewModel.swift in Sources */,
				757A435129F6702C001C731B /* PokemonDetailAPIDataManager.swift in Sources */,
				757A437129F67231001C731B /* Parameters.swift in Sources */,
				757A433029F66DE9001C731B /* PokedexHomeRouter.swift in Sources */,
				757A434F29F6701D001C731B /* PokemonDetailLocalDataManager.swift in Sources */,
				78BE609529EB445500841486 /* PokedexHomeView.swift in Sources */,
				757A434529F66FB4001C731B /* PokemonDetailRouter.swift in Sources */,
				757A433A29F66E8D001C731B /* PokedexHomeLocalDataManager.swift in Sources */,
				757A433429F66E3D001C731B /* PokedexHomeModel.swift in Sources */,
				78BE60CA29EB4A6000841486 /* Util.swift in Sources */,
				78BE609329EB445500841486 /* assessment_iosApp.swift in Sources */,
				757A436D29F6721A001C731B /* Response.swift in Sources */,
				78BE609F29EB445700841486 /* assessment_ios.xcdatamodeld in Sources */,
				757A436529F671A1001C731B /* PokedexParameters.swift in Sources */,
				757A434729F66FCA001C731B /* PokemonDetailView.swift in Sources */,
				757A436F29F67226001C731B /* APIError.swift in Sources */,
				757A434329F66F9C001C731B /* PokemonDetailViewModel.swift in Sources */,
				757A436329F67194001C731B /* PokedexServices.swift in Sources */,
				757A436929F671EA001C731B /* HTTPMethod.swift in Sources */,
				757A436029F67149001C731B /* URLSessionNetworking.swift in Sources */,
				757A433C29F66E9B001C731B /* PokedexHomeAPIDataManager.swift in Sources */,
				757A433829F66E7D001C731B /* PokedexHomeRepository.swift in Sources */,
			);
			runOnlyForDeploymentPostprocessing = 0;
		};
		78BE60A029EB445700841486 /* Sources */ = {
			isa = PBXSourcesBuildPhase;
			buildActionMask = 2147483647;
			files = (
				78BE60A929EB445700841486 /* assessment_iosTests.swift in Sources */,
			);
			runOnlyForDeploymentPostprocessing = 0;
		};
		78BE60AA29EB445700841486 /* Sources */ = {
			isa = PBXSourcesBuildPhase;
			buildActionMask = 2147483647;
			files = (
				78BE60B529EB445700841486 /* assessment_iosUITestsLaunchTests.swift in Sources */,
				78BE60B329EB445700841486 /* assessment_iosUITests.swift in Sources */,
			);
			runOnlyForDeploymentPostprocessing = 0;
		};
/* End PBXSourcesBuildPhase section */

/* Begin PBXTargetDependency section */
		78BE60A629EB445700841486 /* PBXTargetDependency */ = {
			isa = PBXTargetDependency;
			target = 78BE608E29EB445500841486 /* assessment-ios */;
			targetProxy = 78BE60A529EB445700841486 /* PBXContainerItemProxy */;
		};
		78BE60B029EB445700841486 /* PBXTargetDependency */ = {
			isa = PBXTargetDependency;
			target = 78BE608E29EB445500841486 /* assessment-ios */;
			targetProxy = 78BE60AF29EB445700841486 /* PBXContainerItemProxy */;
		};
/* End PBXTargetDependency section */

/* Begin XCBuildConfiguration section */
		78BE60B629EB445700841486 /* Debug */ = {
			isa = XCBuildConfiguration;
			buildSettings = {
				ALWAYS_SEARCH_USER_PATHS = NO;
				CLANG_ANALYZER_NONNULL = YES;
				CLANG_ANALYZER_NUMBER_OBJECT_CONVERSION = YES_AGGRESSIVE;
				CLANG_CXX_LANGUAGE_STANDARD = "gnu++20";
				CLANG_ENABLE_MODULES = YES;
				CLANG_ENABLE_OBJC_ARC = YES;
				CLANG_ENABLE_OBJC_WEAK = YES;
				CLANG_WARN_BLOCK_CAPTURE_AUTORELEASING = YES;
				CLANG_WARN_BOOL_CONVERSION = YES;
				CLANG_WARN_COMMA = YES;
				CLANG_WARN_CONSTANT_CONVERSION = YES;
				CLANG_WARN_DEPRECATED_OBJC_IMPLEMENTATIONS = YES;
				CLANG_WARN_DIRECT_OBJC_ISA_USAGE = YES_ERROR;
				CLANG_WARN_DOCUMENTATION_COMMENTS = YES;
				CLANG_WARN_EMPTY_BODY = YES;
				CLANG_WARN_ENUM_CONVERSION = YES;
				CLANG_WARN_INFINITE_RECURSION = YES;
				CLANG_WARN_INT_CONVERSION = YES;
				CLANG_WARN_NON_LITERAL_NULL_CONVERSION = YES;
				CLANG_WARN_OBJC_IMPLICIT_RETAIN_SELF = YES;
				CLANG_WARN_OBJC_LITERAL_CONVERSION = YES;
				CLANG_WARN_OBJC_ROOT_CLASS = YES_ERROR;
				CLANG_WARN_QUOTED_INCLUDE_IN_FRAMEWORK_HEADER = YES;
				CLANG_WARN_RANGE_LOOP_ANALYSIS = YES;
				CLANG_WARN_STRICT_PROTOTYPES = YES;
				CLANG_WARN_SUSPICIOUS_MOVE = YES;
				CLANG_WARN_UNGUARDED_AVAILABILITY = YES_AGGRESSIVE;
				CLANG_WARN_UNREACHABLE_CODE = YES;
				CLANG_WARN__DUPLICATE_METHOD_MATCH = YES;
				COPY_PHASE_STRIP = NO;
				DEBUG_INFORMATION_FORMAT = dwarf;
				ENABLE_STRICT_OBJC_MSGSEND = YES;
				ENABLE_TESTABILITY = YES;
				GCC_C_LANGUAGE_STANDARD = gnu11;
				GCC_DYNAMIC_NO_PIC = NO;
				GCC_NO_COMMON_BLOCKS = YES;
				GCC_OPTIMIZATION_LEVEL = 0;
				GCC_PREPROCESSOR_DEFINITIONS = (
					"DEBUG=1",
					"$(inherited)",
				);
				GCC_WARN_64_TO_32_BIT_CONVERSION = YES;
				GCC_WARN_ABOUT_RETURN_TYPE = YES_ERROR;
				GCC_WARN_UNDECLARED_SELECTOR = YES;
				GCC_WARN_UNINITIALIZED_AUTOS = YES_AGGRESSIVE;
				GCC_WARN_UNUSED_FUNCTION = YES;
				GCC_WARN_UNUSED_VARIABLE = YES;
				IPHONEOS_DEPLOYMENT_TARGET = 16.4;
				MTL_ENABLE_DEBUG_INFO = INCLUDE_SOURCE;
				MTL_FAST_MATH = YES;
				ONLY_ACTIVE_ARCH = YES;
				SDKROOT = iphoneos;
				SWIFT_ACTIVE_COMPILATION_CONDITIONS = DEBUG;
				SWIFT_OPTIMIZATION_LEVEL = "-Onone";
			};
			name = Debug;
		};
		78BE60B729EB445700841486 /* Release */ = {
			isa = XCBuildConfiguration;
			buildSettings = {
				ALWAYS_SEARCH_USER_PATHS = NO;
				CLANG_ANALYZER_NONNULL = YES;
				CLANG_ANALYZER_NUMBER_OBJECT_CONVERSION = YES_AGGRESSIVE;
				CLANG_CXX_LANGUAGE_STANDARD = "gnu++20";
				CLANG_ENABLE_MODULES = YES;
				CLANG_ENABLE_OBJC_ARC = YES;
				CLANG_ENABLE_OBJC_WEAK = YES;
				CLANG_WARN_BLOCK_CAPTURE_AUTORELEASING = YES;
				CLANG_WARN_BOOL_CONVERSION = YES;
				CLANG_WARN_COMMA = YES;
				CLANG_WARN_CONSTANT_CONVERSION = YES;
				CLANG_WARN_DEPRECATED_OBJC_IMPLEMENTATIONS = YES;
				CLANG_WARN_DIRECT_OBJC_ISA_USAGE = YES_ERROR;
				CLANG_WARN_DOCUMENTATION_COMMENTS = YES;
				CLANG_WARN_EMPTY_BODY = YES;
				CLANG_WARN_ENUM_CONVERSION = YES;
				CLANG_WARN_INFINITE_RECURSION = YES;
				CLANG_WARN_INT_CONVERSION = YES;
				CLANG_WARN_NON_LITERAL_NULL_CONVERSION = YES;
				CLANG_WARN_OBJC_IMPLICIT_RETAIN_SELF = YES;
				CLANG_WARN_OBJC_LITERAL_CONVERSION = YES;
				CLANG_WARN_OBJC_ROOT_CLASS = YES_ERROR;
				CLANG_WARN_QUOTED_INCLUDE_IN_FRAMEWORK_HEADER = YES;
				CLANG_WARN_RANGE_LOOP_ANALYSIS = YES;
				CLANG_WARN_STRICT_PROTOTYPES = YES;
				CLANG_WARN_SUSPICIOUS_MOVE = YES;
				CLANG_WARN_UNGUARDED_AVAILABILITY = YES_AGGRESSIVE;
				CLANG_WARN_UNREACHABLE_CODE = YES;
				CLANG_WARN__DUPLICATE_METHOD_MATCH = YES;
				COPY_PHASE_STRIP = NO;
				DEBUG_INFORMATION_FORMAT = "dwarf-with-dsym";
				ENABLE_NS_ASSERTIONS = NO;
				ENABLE_STRICT_OBJC_MSGSEND = YES;
				GCC_C_LANGUAGE_STANDARD = gnu11;
				GCC_NO_COMMON_BLOCKS = YES;
				GCC_WARN_64_TO_32_BIT_CONVERSION = YES;
				GCC_WARN_ABOUT_RETURN_TYPE = YES_ERROR;
				GCC_WARN_UNDECLARED_SELECTOR = YES;
				GCC_WARN_UNINITIALIZED_AUTOS = YES_AGGRESSIVE;
				GCC_WARN_UNUSED_FUNCTION = YES;
				GCC_WARN_UNUSED_VARIABLE = YES;
				IPHONEOS_DEPLOYMENT_TARGET = 16.4;
				MTL_ENABLE_DEBUG_INFO = NO;
				MTL_FAST_MATH = YES;
				SDKROOT = iphoneos;
				SWIFT_COMPILATION_MODE = wholemodule;
				SWIFT_OPTIMIZATION_LEVEL = "-O";
				VALIDATE_PRODUCT = YES;
			};
			name = Release;
		};
		78BE60B929EB445700841486 /* Debug */ = {
			isa = XCBuildConfiguration;
			buildSettings = {
				ASSETCATALOG_COMPILER_APPICON_NAME = AppIcon;
				ASSETCATALOG_COMPILER_GLOBAL_ACCENT_COLOR_NAME = AccentColor;
				CODE_SIGN_STYLE = Automatic;
				CURRENT_PROJECT_VERSION = 1;
				DEVELOPMENT_ASSET_PATHS = "\"assessment-ios/Preview Content\"";
				DEVELOPMENT_TEAM = ED4X4ATM8P;
				ENABLE_PREVIEWS = YES;
				GENERATE_INFOPLIST_FILE = YES;
				INFOPLIST_KEY_CFBundleDisplayName = "Assessment iOS";
				INFOPLIST_KEY_UIApplicationSceneManifest_Generation = YES;
				INFOPLIST_KEY_UIApplicationSupportsIndirectInputEvents = YES;
				INFOPLIST_KEY_UILaunchScreen_Generation = YES;
				INFOPLIST_KEY_UISupportedInterfaceOrientations = UIInterfaceOrientationPortrait;
				INFOPLIST_KEY_UISupportedInterfaceOrientations_iPad = "UIInterfaceOrientationLandscapeLeft UIInterfaceOrientationLandscapeRight UIInterfaceOrientationPortrait UIInterfaceOrientationPortraitUpsideDown";
				IPHONEOS_DEPLOYMENT_TARGET = 15.0;
				LD_RUNPATH_SEARCH_PATHS = (
					"$(inherited)",
					"@executable_path/Frameworks",
				);
				MARKETING_VERSION = 1.0;
				PRODUCT_BUNDLE_IDENTIFIER = "ivantrejo.htsmexico.assessment-ios";
				PRODUCT_NAME = "$(TARGET_NAME)";
				SWIFT_EMIT_LOC_STRINGS = YES;
				SWIFT_VERSION = 5.0;
				TARGETED_DEVICE_FAMILY = "1,2";
			};
			name = Debug;
		};
		78BE60BA29EB445700841486 /* Release */ = {
			isa = XCBuildConfiguration;
			buildSettings = {
				ASSETCATALOG_COMPILER_APPICON_NAME = AppIcon;
				ASSETCATALOG_COMPILER_GLOBAL_ACCENT_COLOR_NAME = AccentColor;
				CODE_SIGN_STYLE = Automatic;
				CURRENT_PROJECT_VERSION = 1;
				DEVELOPMENT_ASSET_PATHS = "\"assessment-ios/Preview Content\"";
				DEVELOPMENT_TEAM = ED4X4ATM8P;
				ENABLE_PREVIEWS = YES;
				GENERATE_INFOPLIST_FILE = YES;
				INFOPLIST_KEY_CFBundleDisplayName = "Assessment iOS";
				INFOPLIST_KEY_UIApplicationSceneManifest_Generation = YES;
				INFOPLIST_KEY_UIApplicationSupportsIndirectInputEvents = YES;
				INFOPLIST_KEY_UILaunchScreen_Generation = YES;
				INFOPLIST_KEY_UISupportedInterfaceOrientations = UIInterfaceOrientationPortrait;
				INFOPLIST_KEY_UISupportedInterfaceOrientations_iPad = "UIInterfaceOrientationLandscapeLeft UIInterfaceOrientationLandscapeRight UIInterfaceOrientationPortrait UIInterfaceOrientationPortraitUpsideDown";
				IPHONEOS_DEPLOYMENT_TARGET = 15.0;
				LD_RUNPATH_SEARCH_PATHS = (
					"$(inherited)",
					"@executable_path/Frameworks",
				);
				MARKETING_VERSION = 1.0;
				PRODUCT_BUNDLE_IDENTIFIER = "ivantrejo.htsmexico.assessment-ios";
				PRODUCT_NAME = "$(TARGET_NAME)";
				SWIFT_EMIT_LOC_STRINGS = YES;
				SWIFT_VERSION = 5.0;
				TARGETED_DEVICE_FAMILY = "1,2";
			};
			name = Release;
		};
		78BE60BC29EB445700841486 /* Debug */ = {
			isa = XCBuildConfiguration;
			buildSettings = {
				ALWAYS_EMBED_SWIFT_STANDARD_LIBRARIES = YES;
				BUNDLE_LOADER = "$(TEST_HOST)";
				CODE_SIGN_STYLE = Automatic;
				CURRENT_PROJECT_VERSION = 1;
				DEVELOPMENT_TEAM = ED4X4ATM8P;
				GENERATE_INFOPLIST_FILE = YES;
				IPHONEOS_DEPLOYMENT_TARGET = 16.4;
				MARKETING_VERSION = 1.0;
				PRODUCT_BUNDLE_IDENTIFIER = "ivantrejo.htsmexico.assessment-iosTests";
				PRODUCT_NAME = "$(TARGET_NAME)";
				SWIFT_EMIT_LOC_STRINGS = NO;
				SWIFT_VERSION = 5.0;
				TARGETED_DEVICE_FAMILY = "1,2";
				TEST_HOST = "$(BUILT_PRODUCTS_DIR)/assessment-ios.app/$(BUNDLE_EXECUTABLE_FOLDER_PATH)/assessment-ios";
			};
			name = Debug;
		};
		78BE60BD29EB445700841486 /* Release */ = {
			isa = XCBuildConfiguration;
			buildSettings = {
				ALWAYS_EMBED_SWIFT_STANDARD_LIBRARIES = YES;
				BUNDLE_LOADER = "$(TEST_HOST)";
				CODE_SIGN_STYLE = Automatic;
				CURRENT_PROJECT_VERSION = 1;
				DEVELOPMENT_TEAM = ED4X4ATM8P;
				GENERATE_INFOPLIST_FILE = YES;
				IPHONEOS_DEPLOYMENT_TARGET = 16.4;
				MARKETING_VERSION = 1.0;
				PRODUCT_BUNDLE_IDENTIFIER = "ivantrejo.htsmexico.assessment-iosTests";
				PRODUCT_NAME = "$(TARGET_NAME)";
				SWIFT_EMIT_LOC_STRINGS = NO;
				SWIFT_VERSION = 5.0;
				TARGETED_DEVICE_FAMILY = "1,2";
				TEST_HOST = "$(BUILT_PRODUCTS_DIR)/assessment-ios.app/$(BUNDLE_EXECUTABLE_FOLDER_PATH)/assessment-ios";
			};
			name = Release;
		};
		78BE60BF29EB445700841486 /* Debug */ = {
			isa = XCBuildConfiguration;
			buildSettings = {
				ALWAYS_EMBED_SWIFT_STANDARD_LIBRARIES = YES;
				CODE_SIGN_STYLE = Automatic;
				CURRENT_PROJECT_VERSION = 1;
				DEVELOPMENT_TEAM = ED4X4ATM8P;
				GENERATE_INFOPLIST_FILE = YES;
				MARKETING_VERSION = 1.0;
				PRODUCT_BUNDLE_IDENTIFIER = "ivantrejo.htsmexico.assessment-iosUITests";
				PRODUCT_NAME = "$(TARGET_NAME)";
				SWIFT_EMIT_LOC_STRINGS = NO;
				SWIFT_VERSION = 5.0;
				TARGETED_DEVICE_FAMILY = "1,2";
				TEST_TARGET_NAME = "assessment-ios";
			};
			name = Debug;
		};
		78BE60C029EB445700841486 /* Release */ = {
			isa = XCBuildConfiguration;
			buildSettings = {
				ALWAYS_EMBED_SWIFT_STANDARD_LIBRARIES = YES;
				CODE_SIGN_STYLE = Automatic;
				CURRENT_PROJECT_VERSION = 1;
				DEVELOPMENT_TEAM = ED4X4ATM8P;
				GENERATE_INFOPLIST_FILE = YES;
				MARKETING_VERSION = 1.0;
				PRODUCT_BUNDLE_IDENTIFIER = "ivantrejo.htsmexico.assessment-iosUITests";
				PRODUCT_NAME = "$(TARGET_NAME)";
				SWIFT_EMIT_LOC_STRINGS = NO;
				SWIFT_VERSION = 5.0;
				TARGETED_DEVICE_FAMILY = "1,2";
				TEST_TARGET_NAME = "assessment-ios";
			};
			name = Release;
		};
/* End XCBuildConfiguration section */

/* Begin XCConfigurationList section */
		78BE608A29EB445500841486 /* Build configuration list for PBXProject "assessment-ios" */ = {
			isa = XCConfigurationList;
			buildConfigurations = (
				78BE60B629EB445700841486 /* Debug */,
				78BE60B729EB445700841486 /* Release */,
			);
			defaultConfigurationIsVisible = 0;
			defaultConfigurationName = Release;
		};
		78BE60B829EB445700841486 /* Build configuration list for PBXNativeTarget "assessment-ios" */ = {
			isa = XCConfigurationList;
			buildConfigurations = (
				78BE60B929EB445700841486 /* Debug */,
				78BE60BA29EB445700841486 /* Release */,
			);
			defaultConfigurationIsVisible = 0;
			defaultConfigurationName = Release;
		};
		78BE60BB29EB445700841486 /* Build configuration list for PBXNativeTarget "assessment-iosTests" */ = {
			isa = XCConfigurationList;
			buildConfigurations = (
				78BE60BC29EB445700841486 /* Debug */,
				78BE60BD29EB445700841486 /* Release */,
			);
			defaultConfigurationIsVisible = 0;
			defaultConfigurationName = Release;
		};
		78BE60BE29EB445700841486 /* Build configuration list for PBXNativeTarget "assessment-iosUITests" */ = {
			isa = XCConfigurationList;
			buildConfigurations = (
				78BE60BF29EB445700841486 /* Debug */,
				78BE60C029EB445700841486 /* Release */,
			);
			defaultConfigurationIsVisible = 0;
			defaultConfigurationName = Release;
		};
/* End XCConfigurationList section */

/* Begin XCVersionGroup section */
		78BE609D29EB445700841486 /* assessment_ios.xcdatamodeld */ = {
			isa = XCVersionGroup;
			children = (
				78BE609E29EB445700841486 /* assessment_ios.xcdatamodel */,
			);
			currentVersion = 78BE609E29EB445700841486 /* assessment_ios.xcdatamodel */;
			path = assessment_ios.xcdatamodeld;
			sourceTree = "<group>";
			versionGroupType = wrapper.xcdatamodel;
		};
/* End XCVersionGroup section */
	};
	rootObject = 78BE608729EB445500841486 /* Project object */;
}
